
Microsoft Visual Studio Solution File, Format Version 12.00
# Visual Studio Version 17
VisualStudioVersion = 17.5.33530.505
MinimumVisualStudioVersion = 10.0.40219.1
Project("{FAE04EC0-301F-11D3-BF4B-00C04F79EFBC}") = "Harapan Sehat", "Harapan Sehat.csproj", "{C71C3AC2-E6BA-4748-A1D2-52C863C66AAA}"
EndProject
Global
	GlobalSection(SolutionConfigurationPlatforms) = preSolution
		Debug|Any CPU = Debug|Any CPU
		Release|Any CPU = Release|Any CPU
	EndGlobalSection
	GlobalSection(ProjectConfigurationPlatforms) = postSolution
		{C71C3AC2-E6BA-4748-A1D2-52C863C66AAA}.Debug|Any CPU.ActiveCfg = Debug|Any CPU
		{C71C3AC2-E6BA-4748-A1D2-52C863C66AAA}.Debug|Any CPU.Build.0 = Debug|Any CPU
		{C71C3AC2-E6BA-4748-A1D2-52C863C66AAA}.Release|Any CPU.ActiveCfg = Release|Any CPU
		{C71C3AC2-E6BA-4748-A1D2-52C863C66AAA}.Release|Any CPU.Build.0 = Release|Any CPU
	EndGlobalSection
	GlobalSection(SolutionProperties) = preSolution
		HideSolutionNode = FALSE
	EndGlobalSection
	GlobalSection(ExtensibilityGlobals) = postSolution
		SolutionGuid = {AC664763-1878-4039-B9A7-787684828BA4}
	EndGlobalSection
EndGlobal
